// !$*UTF8*$!
{
	archiveVersion = 1;
	classes = {
	};
	objectVersion = 56;
	objects = {

/* Begin PBXBuildFile section */
		7B38AB272A78875100A21E53 /* MyData.swift in Sources */ = {isa = PBXBuildFile; fileRef = 7B38AB262A78875100A21E53 /* MyData.swift */; };
		7B55AEF62A7739E800F30AAB /* ChartController.swift in Sources */ = {isa = PBXBuildFile; fileRef = 7B55AEF52A7739E800F30AAB /* ChartController.swift */; };
		7B55AEF82A7750AB00F30AAB /* APIService.swift in Sources */ = {isa = PBXBuildFile; fileRef = 7B55AEF72A7750AB00F30AAB /* APIService.swift */; };
		7B8C9F8D2A75B9BC00E60F01 /* AppDelegate.swift in Sources */ = {isa = PBXBuildFile; fileRef = 7B8C9F8C2A75B9BC00E60F01 /* AppDelegate.swift */; };
		7B8C9F8F2A75B9BC00E60F01 /* SceneDelegate.swift in Sources */ = {isa = PBXBuildFile; fileRef = 7B8C9F8E2A75B9BC00E60F01 /* SceneDelegate.swift */; };
		7B8C9F942A75B9BC00E60F01 /* Main.storyboard in Resources */ = {isa = PBXBuildFile; fileRef = 7B8C9F922A75B9BC00E60F01 /* Main.storyboard */; };
		7B8C9F962A75B9BE00E60F01 /* Assets.xcassets in Resources */ = {isa = PBXBuildFile; fileRef = 7B8C9F952A75B9BE00E60F01 /* Assets.xcassets */; };
		7B8C9F992A75B9BE00E60F01 /* LaunchScreen.storyboard in Resources */ = {isa = PBXBuildFile; fileRef = 7B8C9F972A75B9BE00E60F01 /* LaunchScreen.storyboard */; };
		7B9BC0742A81A0AB0026FCE0 /* ChartFilterData.swift in Sources */ = {isa = PBXBuildFile; fileRef = 7B9BC0732A81A0AB0026FCE0 /* ChartFilterData.swift */; };
		7B9BC0762A81A1500026FCE0 /* ChartConfigureGraphView.swift in Sources */ = {isa = PBXBuildFile; fileRef = 7B9BC0752A81A1500026FCE0 /* ChartConfigureGraphView.swift */; };
		7B9BC0782A81A5040026FCE0 /* ChartConfigurePlot.swift in Sources */ = {isa = PBXBuildFile; fileRef = 7B9BC0772A81A5040026FCE0 /* ChartConfigurePlot.swift */; };
		7B9BC07A2A81BB170026FCE0 /* ChartLoadChartData.swift in Sources */ = {isa = PBXBuildFile; fileRef = 7B9BC0792A81BB170026FCE0 /* ChartLoadChartData.swift */; };
		7B9BC07C2A81BDF10026FCE0 /* ChartTimeFrameButtonTapped.swift in Sources */ = {isa = PBXBuildFile; fileRef = 7B9BC07B2A81BDF10026FCE0 /* ChartTimeFrameButtonTapped.swift */; };
		AE86C61137124398734CB0E3 /* Pods_ChartViewController.framework in Frameworks */ = {isa = PBXBuildFile; fileRef = 50537B757E048DF18AB0B77D /* Pods_ChartViewController.framework */; };
/* End PBXBuildFile section */

/* Begin PBXFileReference section */
		11E37E96EB8F1A9C80E273E0 /* Pods-ChartViewController.release.xcconfig */ = {isa = PBXFileReference; includeInIndex = 1; lastKnownFileType = text.xcconfig; name = "Pods-ChartViewController.release.xcconfig"; path = "Target Support Files/Pods-ChartViewController/Pods-ChartViewController.release.xcconfig"; sourceTree = "<group>"; };
		50537B757E048DF18AB0B77D /* Pods_ChartViewController.framework */ = {isa = PBXFileReference; explicitFileType = wrapper.framework; includeInIndex = 0; path = Pods_ChartViewController.framework; sourceTree = BUILT_PRODUCTS_DIR; };
		7B38AB262A78875100A21E53 /* MyData.swift */ = {isa = PBXFileReference; lastKnownFileType = sourcecode.swift; path = MyData.swift; sourceTree = "<group>"; };
		7B55AEF52A7739E800F30AAB /* ChartController.swift */ = {isa = PBXFileReference; lastKnownFileType = sourcecode.swift; path = ChartController.swift; sourceTree = "<group>"; };
		7B55AEF72A7750AB00F30AAB /* APIService.swift */ = {isa = PBXFileReference; lastKnownFileType = sourcecode.swift; path = APIService.swift; sourceTree = "<group>"; };
		7B8C9F892A75B9BC00E60F01 /* ChartViewController.app */ = {isa = PBXFileReference; explicitFileType = wrapper.application; includeInIndex = 0; path = ChartViewController.app; sourceTree = BUILT_PRODUCTS_DIR; };
		7B8C9F8C2A75B9BC00E60F01 /* AppDelegate.swift */ = {isa = PBXFileReference; lastKnownFileType = sourcecode.swift; path = AppDelegate.swift; sourceTree = "<group>"; };
		7B8C9F8E2A75B9BC00E60F01 /* SceneDelegate.swift */ = {isa = PBXFileReference; lastKnownFileType = sourcecode.swift; path = SceneDelegate.swift; sourceTree = "<group>"; };
		7B8C9F932A75B9BC00E60F01 /* Base */ = {isa = PBXFileReference; lastKnownFileType = file.storyboard; name = Base; path = Base.lproj/Main.storyboard; sourceTree = "<group>"; };
		7B8C9F952A75B9BE00E60F01 /* Assets.xcassets */ = {isa = PBXFileReference; lastKnownFileType = folder.assetcatalog; path = Assets.xcassets; sourceTree = "<group>"; };
		7B8C9F982A75B9BE00E60F01 /* Base */ = {isa = PBXFileReference; lastKnownFileType = file.storyboard; name = Base; path = Base.lproj/LaunchScreen.storyboard; sourceTree = "<group>"; };
		7B8C9F9A2A75B9BE00E60F01 /* Info.plist */ = {isa = PBXFileReference; lastKnownFileType = text.plist.xml; path = Info.plist; sourceTree = "<group>"; };
		7B9BC0732A81A0AB0026FCE0 /* ChartFilterData.swift */ = {isa = PBXFileReference; lastKnownFileType = sourcecode.swift; path = ChartFilterData.swift; sourceTree = "<group>"; };
		7B9BC0752A81A1500026FCE0 /* ChartConfigureGraphView.swift */ = {isa = PBXFileReference; lastKnownFileType = sourcecode.swift; path = ChartConfigureGraphView.swift; sourceTree = "<group>"; };
		7B9BC0772A81A5040026FCE0 /* ChartConfigurePlot.swift */ = {isa = PBXFileReference; lastKnownFileType = sourcecode.swift; path = ChartConfigurePlot.swift; sourceTree = "<group>"; };
		7B9BC0792A81BB170026FCE0 /* ChartLoadChartData.swift */ = {isa = PBXFileReference; lastKnownFileType = sourcecode.swift; path = ChartLoadChartData.swift; sourceTree = "<group>"; };
		7B9BC07B2A81BDF10026FCE0 /* ChartTimeFrameButtonTapped.swift */ = {isa = PBXFileReference; lastKnownFileType = sourcecode.swift; path = ChartTimeFrameButtonTapped.swift; sourceTree = "<group>"; };
		D6BE74C0B134D3C0E9BE5F15 /* Pods-ChartViewController.debug.xcconfig */ = {isa = PBXFileReference; includeInIndex = 1; lastKnownFileType = text.xcconfig; name = "Pods-ChartViewController.debug.xcconfig"; path = "Target Support Files/Pods-ChartViewController/Pods-ChartViewController.debug.xcconfig"; sourceTree = "<group>"; };
/* End PBXFileReference section */

/* Begin PBXFrameworksBuildPhase section */
		7B8C9F862A75B9BC00E60F01 /* Frameworks */ = {
			isa = PBXFrameworksBuildPhase;
			buildActionMask = 2147483647;
			files = (
				AE86C61137124398734CB0E3 /* Pods_ChartViewController.framework in Frameworks */,
			);
			runOnlyForDeploymentPostprocessing = 0;
		};
/* End PBXFrameworksBuildPhase section */

/* Begin PBXGroup section */
		63B90AA8C4DC704F49EF29F9 /* Pods */ = {
			isa = PBXGroup;
			children = (
				D6BE74C0B134D3C0E9BE5F15 /* Pods-ChartViewController.debug.xcconfig */,
				11E37E96EB8F1A9C80E273E0 /* Pods-ChartViewController.release.xcconfig */,
			);
			path = Pods;
			sourceTree = "<group>";
		};
		7B55AEEC2A772A8C00F30AAB /* Models */ = {
			isa = PBXGroup;
			children = (
				7B38AB262A78875100A21E53 /* MyData.swift */,
			);
			path = Models;
			sourceTree = "<group>";
		};
		7B55AEED2A772AA300F30AAB /* Services */ = {
			isa = PBXGroup;
			children = (
				7B55AEF72A7750AB00F30AAB /* APIService.swift */,
			);
			path = Services;
			sourceTree = "<group>";
		};
		7B55AEEE2A772BC900F30AAB /* Managers */ = {
			isa = PBXGroup;
			children = (
			);
			path = Managers;
			sourceTree = "<group>";
		};
		7B55AEEF2A772BD800F30AAB /* Controllers */ = {
			isa = PBXGroup;
			children = (
				7B55AEF52A7739E800F30AAB /* ChartController.swift */,
				7B9BC0792A81BB170026FCE0 /* ChartLoadChartData.swift */,
				7B9BC0732A81A0AB0026FCE0 /* ChartFilterData.swift */,
				7B9BC0752A81A1500026FCE0 /* ChartConfigureGraphView.swift */,
				7B9BC0772A81A5040026FCE0 /* ChartConfigurePlot.swift */,
				7B9BC07B2A81BDF10026FCE0 /* ChartTimeFrameButtonTapped.swift */,
			);
			path = Controllers;
			sourceTree = "<group>";
		};
		7B55AEF02A772BE700F30AAB /* Views */ = {
			isa = PBXGroup;
			children = (
			);
			path = Views;
			sourceTree = "<group>";
		};
		7B55AEF12A772CC900F30AAB /* Utilities */ = {
			isa = PBXGroup;
			children = (
			);
			path = Utilities;
			sourceTree = "<group>";
		};
		7B55AEF22A772CD400F30AAB /* Resources */ = {
			isa = PBXGroup;
			children = (
				7B8C9F952A75B9BE00E60F01 /* Assets.xcassets */,
			);
			path = Resources;
			sourceTree = "<group>";
		};
		7B55AEF32A772E8C00F30AAB /* Storyboards */ = {
			isa = PBXGroup;
			children = (
				7B8C9F922A75B9BC00E60F01 /* Main.storyboard */,
				7B8C9F972A75B9BE00E60F01 /* LaunchScreen.storyboard */,
			);
			path = Storyboards;
			sourceTree = "<group>";
		};
		7B8C9F802A75B9BC00E60F01 = {
			isa = PBXGroup;
			children = (
				7B55AEF32A772E8C00F30AAB /* Storyboards */,
				7B55AEF22A772CD400F30AAB /* Resources */,
				7B55AEF12A772CC900F30AAB /* Utilities */,
				7B55AEF02A772BE700F30AAB /* Views */,
				7B55AEEF2A772BD800F30AAB /* Controllers */,
				7B55AEEE2A772BC900F30AAB /* Managers */,
				7B55AEED2A772AA300F30AAB /* Services */,
				7B55AEEC2A772A8C00F30AAB /* Models */,
				7B8C9F8B2A75B9BC00E60F01 /* ChartViewController */,
				7B8C9F8A2A75B9BC00E60F01 /* Products */,
				63B90AA8C4DC704F49EF29F9 /* Pods */,
				E15262636479B0F962CC0F84 /* Frameworks */,
			);
			sourceTree = "<group>";
		};
		7B8C9F8A2A75B9BC00E60F01 /* Products */ = {
			isa = PBXGroup;
			children = (
				7B8C9F892A75B9BC00E60F01 /* ChartViewController.app */,
			);
			name = Products;
			sourceTree = "<group>";
		};
		7B8C9F8B2A75B9BC00E60F01 /* ChartViewController */ = {
			isa = PBXGroup;
			children = (
				7B8C9F8C2A75B9BC00E60F01 /* AppDelegate.swift */,
				7B8C9F8E2A75B9BC00E60F01 /* SceneDelegate.swift */,
				7B8C9F9A2A75B9BE00E60F01 /* Info.plist */,
			);
			path = ChartViewController;
			sourceTree = "<group>";
		};
		E15262636479B0F962CC0F84 /* Frameworks */ = {
			isa = PBXGroup;
			children = (
				50537B757E048DF18AB0B77D /* Pods_ChartViewController.framework */,
			);
			name = Frameworks;
			sourceTree = "<group>";
		};
/* End PBXGroup section */

/* Begin PBXNativeTarget section */
		7B8C9F882A75B9BC00E60F01 /* ChartViewController */ = {
			isa = PBXNativeTarget;
			buildConfigurationList = 7B8C9F9D2A75B9BE00E60F01 /* Build configuration list for PBXNativeTarget "ChartViewController" */;
			buildPhases = (
				0B1C56B78EA02824931EAA1B /* [CP] Check Pods Manifest.lock */,
				7B8C9F852A75B9BC00E60F01 /* Sources */,
				7B8C9F862A75B9BC00E60F01 /* Frameworks */,
				7B8C9F872A75B9BC00E60F01 /* Resources */,
				F0AAD7C72E5405671033171A /* [CP] Embed Pods Frameworks */,
			);
			buildRules = (
			);
			dependencies = (
			);
			name = ChartViewController;
			productName = ChartViewController;
			productReference = 7B8C9F892A75B9BC00E60F01 /* ChartViewController.app */;
			productType = "com.apple.product-type.application";
		};
/* End PBXNativeTarget section */

/* Begin PBXProject section */
		7B8C9F812A75B9BC00E60F01 /* Project object */ = {
			isa = PBXProject;
			attributes = {
				BuildIndependentTargetsInParallel = 1;
				LastSwiftUpdateCheck = 1430;
				LastUpgradeCheck = 1430;
				TargetAttributes = {
					7B8C9F882A75B9BC00E60F01 = {
						CreatedOnToolsVersion = 14.3.1;
					};
				};
			};
			buildConfigurationList = 7B8C9F842A75B9BC00E60F01 /* Build configuration list for PBXProject "ChartViewController" */;
			compatibilityVersion = "Xcode 14.0";
			developmentRegion = en;
			hasScannedForEncodings = 0;
			knownRegions = (
				en,
				Base,
			);
			mainGroup = 7B8C9F802A75B9BC00E60F01;
			productRefGroup = 7B8C9F8A2A75B9BC00E60F01 /* Products */;
			projectDirPath = "";
			projectRoot = "";
			targets = (
				7B8C9F882A75B9BC00E60F01 /* ChartViewController */,
			);
		};
/* End PBXProject section */

/* Begin PBXResourcesBuildPhase section */
		7B8C9F872A75B9BC00E60F01 /* Resources */ = {
			isa = PBXResourcesBuildPhase;
			buildActionMask = 2147483647;
			files = (
				7B8C9F992A75B9BE00E60F01 /* LaunchScreen.storyboard in Resources */,
				7B8C9F962A75B9BE00E60F01 /* Assets.xcassets in Resources */,
				7B8C9F942A75B9BC00E60F01 /* Main.storyboard in Resources */,
			);
			runOnlyForDeploymentPostprocessing = 0;
		};
/* End PBXResourcesBuildPhase section */

/* Begin PBXShellScriptBuildPhase section */
		0B1C56B78EA02824931EAA1B /* [CP] Check Pods Manifest.lock */ = {
			isa = PBXShellScriptBuildPhase;
			buildActionMask = 2147483647;
			files = (
			);
			inputFileListPaths = (
			);
			inputPaths = (
				"${PODS_PODFILE_DIR_PATH}/Podfile.lock",
				"${PODS_ROOT}/Manifest.lock",
			);
			name = "[CP] Check Pods Manifest.lock";
			outputFileListPaths = (
			);
			outputPaths = (
				"$(DERIVED_FILE_DIR)/Pods-ChartViewController-checkManifestLockResult.txt",
			);
			runOnlyForDeploymentPostprocessing = 0;
			shellPath = /bin/sh;
			shellScript = "diff \"${PODS_PODFILE_DIR_PATH}/Podfile.lock\" \"${PODS_ROOT}/Manifest.lock\" > /dev/null\nif [ $? != 0 ] ; then\n    # print error to STDERR\n    echo \"error: The sandbox is not in sync with the Podfile.lock. Run 'pod install' or update your CocoaPods installation.\" >&2\n    exit 1\nfi\n# This output is used by Xcode 'outputs' to avoid re-running this script phase.\necho \"SUCCESS\" > \"${SCRIPT_OUTPUT_FILE_0}\"\n";
			showEnvVarsInLog = 0;
		};
		F0AAD7C72E5405671033171A /* [CP] Embed Pods Frameworks */ = {
			isa = PBXShellScriptBuildPhase;
			buildActionMask = 2147483647;
			files = (
			);
			inputFileListPaths = (
				"${PODS_ROOT}/Target Support Files/Pods-ChartViewController/Pods-ChartViewController-frameworks-${CONFIGURATION}-input-files.xcfilelist",
			);
			name = "[CP] Embed Pods Frameworks";
			outputFileListPaths = (
				"${PODS_ROOT}/Target Support Files/Pods-ChartViewController/Pods-ChartViewController-frameworks-${CONFIGURATION}-output-files.xcfilelist",
			);
			runOnlyForDeploymentPostprocessing = 0;
			shellPath = /bin/sh;
			shellScript = "\"${PODS_ROOT}/Target Support Files/Pods-ChartViewController/Pods-ChartViewController-frameworks.sh\"\n";
			showEnvVarsInLog = 0;
		};
/* End PBXShellScriptBuildPhase section */

/* Begin PBXSourcesBuildPhase section */
		7B8C9F852A75B9BC00E60F01 /* Sources */ = {
			isa = PBXSourcesBuildPhase;
			buildActionMask = 2147483647;
			files = (
				7B9BC0742A81A0AB0026FCE0 /* ChartFilterData.swift in Sources */,
				7B55AEF82A7750AB00F30AAB /* APIService.swift in Sources */,
				7B9BC0762A81A1500026FCE0 /* ChartConfigureGraphView.swift in Sources */,
				7B8C9F8D2A75B9BC00E60F01 /* AppDelegate.swift in Sources */,
				7B55AEF62A7739E800F30AAB /* ChartController.swift in Sources */,
				7B9BC07A2A81BB170026FCE0 /* ChartLoadChartData.swift in Sources */,
				7B38AB272A78875100A21E53 /* MyData.swift in Sources */,
				7B9BC0782A81A5040026FCE0 /* ChartConfigurePlot.swift in Sources */,
				7B9BC07C2A81BDF10026FCE0 /* ChartTimeFrameButtonTapped.swift in Sources */,
				7B8C9F8F2A75B9BC00E60F01 /* SceneDelegate.swift in Sources */,
			);
			runOnlyForDeploymentPostprocessing = 0;
		};
/* End PBXSourcesBuildPhase section */

/* Begin PBXVariantGroup section */
		7B8C9F922A75B9BC00E60F01 /* Main.storyboard */ = {
			isa = PBXVariantGroup;
			children = (
				7B8C9F932A75B9BC00E60F01 /* Base */,
			);
			name = Main.storyboard;
			sourceTree = "<group>";
		};
		7B8C9F972A75B9BE00E60F01 /* LaunchScreen.storyboard */ = {
			isa = PBXVariantGroup;
			children = (
				7B8C9F982A75B9BE00E60F01 /* Base */,
			);
			name = LaunchScreen.storyboard;
			sourceTree = "<group>";
		};
/* End PBXVariantGroup section */

/* Begin XCBuildConfiguration section */
		7B8C9F9B2A75B9BE00E60F01 /* Debug */ = {
			isa = XCBuildConfiguration;
			buildSettings = {
				ALWAYS_SEARCH_USER_PATHS = NO;
				CLANG_ANALYZER_NONNULL = YES;
				CLANG_ANALYZER_NUMBER_OBJECT_CONVERSION = YES_AGGRESSIVE;
				CLANG_CXX_LANGUAGE_STANDARD = "gnu++20";
				CLANG_ENABLE_MODULES = YES;
				CLANG_ENABLE_OBJC_ARC = YES;
				CLANG_ENABLE_OBJC_WEAK = YES;
				CLANG_WARN_BLOCK_CAPTURE_AUTORELEASING = YES;
				CLANG_WARN_BOOL_CONVERSION = YES;
				CLANG_WARN_COMMA = YES;
				CLANG_WARN_CONSTANT_CONVERSION = YES;
				CLANG_WARN_DEPRECATED_OBJC_IMPLEMENTATIONS = YES;
				CLANG_WARN_DIRECT_OBJC_ISA_USAGE = YES_ERROR;
				CLANG_WARN_DOCUMENTATION_COMMENTS = YES;
				CLANG_WARN_EMPTY_BODY = YES;
				CLANG_WARN_ENUM_CONVERSION = YES;
				CLANG_WARN_INFINITE_RECURSION = YES;
				CLANG_WARN_INT_CONVERSION = YES;
				CLANG_WARN_NON_LITERAL_NULL_CONVERSION = YES;
				CLANG_WARN_OBJC_IMPLICIT_RETAIN_SELF = YES;
				CLANG_WARN_OBJC_LITERAL_CONVERSION = YES;
				CLANG_WARN_OBJC_ROOT_CLASS = YES_ERROR;
				CLANG_WARN_QUOTED_INCLUDE_IN_FRAMEWORK_HEADER = YES;
				CLANG_WARN_RANGE_LOOP_ANALYSIS = YES;
				CLANG_WARN_STRICT_PROTOTYPES = YES;
				CLANG_WARN_SUSPICIOUS_MOVE = YES;
				CLANG_WARN_UNGUARDED_AVAILABILITY = YES_AGGRESSIVE;
				CLANG_WARN_UNREACHABLE_CODE = YES;
				CLANG_WARN__DUPLICATE_METHOD_MATCH = YES;
				COPY_PHASE_STRIP = NO;
				DEBUG_INFORMATION_FORMAT = dwarf;
				ENABLE_STRICT_OBJC_MSGSEND = YES;
				ENABLE_TESTABILITY = YES;
				GCC_C_LANGUAGE_STANDARD = gnu11;
				GCC_DYNAMIC_NO_PIC = NO;
				GCC_NO_COMMON_BLOCKS = YES;
				GCC_OPTIMIZATION_LEVEL = 0;
				GCC_PREPROCESSOR_DEFINITIONS = (
					"DEBUG=1",
					"$(inherited)",
				);
				GCC_WARN_64_TO_32_BIT_CONVERSION = YES;
				GCC_WARN_ABOUT_RETURN_TYPE = YES_ERROR;
				GCC_WARN_UNDECLARED_SELECTOR = YES;
				GCC_WARN_UNINITIALIZED_AUTOS = YES_AGGRESSIVE;
				GCC_WARN_UNUSED_FUNCTION = YES;
				GCC_WARN_UNUSED_VARIABLE = YES;
				IPHONEOS_DEPLOYMENT_TARGET = 16.4;
				MTL_ENABLE_DEBUG_INFO = INCLUDE_SOURCE;
				MTL_FAST_MATH = YES;
				ONLY_ACTIVE_ARCH = YES;
				SDKROOT = iphoneos;
				SWIFT_ACTIVE_COMPILATION_CONDITIONS = DEBUG;
				SWIFT_OPTIMIZATION_LEVEL = "-Onone";
			};
			name = Debug;
		};
		7B8C9F9C2A75B9BE00E60F01 /* Release */ = {
			isa = XCBuildConfiguration;
			buildSettings = {
				ALWAYS_SEARCH_USER_PATHS = NO;
				CLANG_ANALYZER_NONNULL = YES;
				CLANG_ANALYZER_NUMBER_OBJECT_CONVERSION = YES_AGGRESSIVE;
				CLANG_CXX_LANGUAGE_STANDARD = "gnu++20";
				CLANG_ENABLE_MODULES = YES;
				CLANG_ENABLE_OBJC_ARC = YES;
				CLANG_ENABLE_OBJC_WEAK = YES;
				CLANG_WARN_BLOCK_CAPTURE_AUTORELEASING = YES;
				CLANG_WARN_BOOL_CONVERSION = YES;
				CLANG_WARN_COMMA = YES;
				CLANG_WARN_CONSTANT_CONVERSION = YES;
				CLANG_WARN_DEPRECATED_OBJC_IMPLEMENTATIONS = YES;
				CLANG_WARN_DIRECT_OBJC_ISA_USAGE = YES_ERROR;
				CLANG_WARN_DOCUMENTATION_COMMENTS = YES;
				CLANG_WARN_EMPTY_BODY = YES;
				CLANG_WARN_ENUM_CONVERSION = YES;
				CLANG_WARN_INFINITE_RECURSION = YES;
				CLANG_WARN_INT_CONVERSION = YES;
				CLANG_WARN_NON_LITERAL_NULL_CONVERSION = YES;
				CLANG_WARN_OBJC_IMPLICIT_RETAIN_SELF = YES;
				CLANG_WARN_OBJC_LITERAL_CONVERSION = YES;
				CLANG_WARN_OBJC_ROOT_CLASS = YES_ERROR;
				CLANG_WARN_QUOTED_INCLUDE_IN_FRAMEWORK_HEADER = YES;
				CLANG_WARN_RANGE_LOOP_ANALYSIS = YES;
				CLANG_WARN_STRICT_PROTOTYPES = YES;
				CLANG_WARN_SUSPICIOUS_MOVE = YES;
				CLANG_WARN_UNGUARDED_AVAILABILITY = YES_AGGRESSIVE;
				CLANG_WARN_UNREACHABLE_CODE = YES;
				CLANG_WARN__DUPLICATE_METHOD_MATCH = YES;
				COPY_PHASE_STRIP = NO;
				DEBUG_INFORMATION_FORMAT = "dwarf-with-dsym";
				ENABLE_NS_ASSERTIONS = NO;
				ENABLE_STRICT_OBJC_MSGSEND = YES;
				GCC_C_LANGUAGE_STANDARD = gnu11;
				GCC_NO_COMMON_BLOCKS = YES;
				GCC_WARN_64_TO_32_BIT_CONVERSION = YES;
				GCC_WARN_ABOUT_RETURN_TYPE = YES_ERROR;
				GCC_WARN_UNDECLARED_SELECTOR = YES;
				GCC_WARN_UNINITIALIZED_AUTOS = YES_AGGRESSIVE;
				GCC_WARN_UNUSED_FUNCTION = YES;
				GCC_WARN_UNUSED_VARIABLE = YES;
				IPHONEOS_DEPLOYMENT_TARGET = 16.4;
				MTL_ENABLE_DEBUG_INFO = NO;
				MTL_FAST_MATH = YES;
				SDKROOT = iphoneos;
				SWIFT_COMPILATION_MODE = wholemodule;
				SWIFT_OPTIMIZATION_LEVEL = "-O";
				VALIDATE_PRODUCT = YES;
			};
			name = Release;
		};
		7B8C9F9E2A75B9BE00E60F01 /* Debug */ = {
			isa = XCBuildConfiguration;
			baseConfigurationReference = D6BE74C0B134D3C0E9BE5F15 /* Pods-ChartViewController.debug.xcconfig */;
			buildSettings = {
				ASSETCATALOG_COMPILER_APPICON_NAME = AppIcon;
				ASSETCATALOG_COMPILER_GLOBAL_ACCENT_COLOR_NAME = AccentColor;
				CODE_SIGN_STYLE = Automatic;
				CURRENT_PROJECT_VERSION = 1;
				DEVELOPMENT_TEAM = SZ4FVB6D5W;
				GENERATE_INFOPLIST_FILE = YES;
				INFOPLIST_FILE = ChartViewController/Info.plist;
				INFOPLIST_KEY_UIApplicationSupportsIndirectInputEvents = YES;
				INFOPLIST_KEY_UILaunchStoryboardName = LaunchScreen;
				INFOPLIST_KEY_UIMainStoryboardFile = Main;
				INFOPLIST_KEY_UISupportedInterfaceOrientations_iPad = "UIInterfaceOrientationPortrait UIInterfaceOrientationPortraitUpsideDown UIInterfaceOrientationLandscapeLeft UIInterfaceOrientationLandscapeRight";
				INFOPLIST_KEY_UISupportedInterfaceOrientations_iPhone = "UIInterfaceOrientationPortrait UIInterfaceOrientationLandscapeLeft UIInterfaceOrientationLandscapeRight";
				LD_RUNPATH_SEARCH_PATHS = (
					"$(inherited)",
					"@executable_path/Frameworks",
				);
				MARKETING_VERSION = 1.0;
				PRODUCT_BUNDLE_IDENTIFIER = burhan.chartviewcontroller.ChartViewController;
				PRODUCT_NAME = "$(TARGET_NAME)";
				SWIFT_EMIT_LOC_STRINGS = YES;
				SWIFT_VERSION = 5.0;
				TARGETED_DEVICE_FAMILY = "1,2";
			};
			name = Debug;
		};
		7B8C9F9F2A75B9BE00E60F01 /* Release */ = {
			isa = XCBuildConfiguration;
			baseConfigurationReference = 11E37E96EB8F1A9C80E273E0 /* Pods-ChartViewController.release.xcconfig */;
			buildSettings = {
				ASSETCATALOG_COMPILER_APPICON_NAME = AppIcon;
				ASSETCATALOG_COMPILER_GLOBAL_ACCENT_COLOR_NAME = AccentColor;
				CODE_SIGN_STYLE = Automatic;
				CURRENT_PROJECT_VERSION = 1;
				DEVELOPMENT_TEAM = SZ4FVB6D5W;
				GENERATE_INFOPLIST_FILE = YES;
				INFOPLIST_FILE = ChartViewController/Info.plist;
				INFOPLIST_KEY_UIApplicationSupportsIndirectInputEvents = YES;
				INFOPLIST_KEY_UILaunchStoryboardName = LaunchScreen;
				INFOPLIST_KEY_UIMainStoryboardFile = Main;
				INFOPLIST_KEY_UISupportedInterfaceOrientations_iPad = "UIInterfaceOrientationPortrait UIInterfaceOrientationPortraitUpsideDown UIInterfaceOrientationLandscapeLeft UIInterfaceOrientationLandscapeRight";
				INFOPLIST_KEY_UISupportedInterfaceOrientations_iPhone = "UIInterfaceOrientationPortrait UIInterfaceOrientationLandscapeLeft UIInterfaceOrientationLandscapeRight";
				LD_RUNPATH_SEARCH_PATHS = (
					"$(inherited)",
					"@executable_path/Frameworks",
				);
				MARKETING_VERSION = 1.0;
				PRODUCT_BUNDLE_IDENTIFIER = burhan.chartviewcontroller.ChartViewController;
				PRODUCT_NAME = "$(TARGET_NAME)";
				SWIFT_EMIT_LOC_STRINGS = YES;
				SWIFT_VERSION = 5.0;
				TARGETED_DEVICE_FAMILY = "1,2";
			};
			name = Release;
		};
/* End XCBuildConfiguration section */

/* Begin XCConfigurationList section */
		7B8C9F842A75B9BC00E60F01 /* Build configuration list for PBXProject "ChartViewController" */ = {
			isa = XCConfigurationList;
			buildConfigurations = (
				7B8C9F9B2A75B9BE00E60F01 /* Debug */,
				7B8C9F9C2A75B9BE00E60F01 /* Release */,
			);
			defaultConfigurationIsVisible = 0;
			defaultConfigurationName = Release;
		};
		7B8C9F9D2A75B9BE00E60F01 /* Build configuration list for PBXNativeTarget "ChartViewController" */ = {
			isa = XCConfigurationList;
			buildConfigurations = (
				7B8C9F9E2A75B9BE00E60F01 /* Debug */,
				7B8C9F9F2A75B9BE00E60F01 /* Release */,
			);
			defaultConfigurationIsVisible = 0;
			defaultConfigurationName = Release;
		};
/* End XCConfigurationList section */
	};
	rootObject = 7B8C9F812A75B9BC00E60F01 /* Project object */;
}
